
Microsoft Visual Studio Solution File, Format Version 12.00
# Visual Studio Version 17
VisualStudioVersion = 17.14.36623.8 d17.14
MinimumVisualStudioVersion = 10.0.40219.1
Project("{FAE04EC0-301F-11D3-BF4B-00C04F79EFBC}") = "invoice-generator-web-api", "invoice-generator-web-api\invoice-generator-web-api.csproj", "{55E97E26-280B-4F04-862F-7F4BA36237BE}"
EndProject
Global
	GlobalSection(SolutionConfigurationPlatforms) = preSolution
		Debug|Any CPU = Debug|Any CPU
		Release|Any CPU = Release|Any CPU
	EndGlobalSection
	GlobalSection(ProjectConfigurationPlatforms) = postSolution
		{55E97E26-280B-4F04-862F-7F4BA36237BE}.Debug|Any CPU.ActiveCfg = Debug|Any CPU
		{55E97E26-280B-4F04-862F-7F4BA36237BE}.Debug|Any CPU.Build.0 = Debug|Any CPU
		{55E97E26-280B-4F04-862F-7F4BA36237BE}.Release|Any CPU.ActiveCfg = Release|Any CPU
		{55E97E26-280B-4F04-862F-7F4BA36237BE}.Release|Any CPU.Build.0 = Release|Any CPU
	EndGlobalSection
	GlobalSection(SolutionProperties) = preSolution
		HideSolutionNode = FALSE
	EndGlobalSection
	GlobalSection(ExtensibilityGlobals) = postSolution
		SolutionGuid = {8544FB62-DF0D-4104-8432-D75BB60D0DE5}
	EndGlobalSection
EndGlobal
